
Microsoft Visual Studio Solution File, Format Version 12.00
# Visual Studio Version 17
VisualStudioVersion = 17.11.35219.272
MinimumVisualStudioVersion = 10.0.40219.1
Project("{9A19103F-16F7-4668-BE54-9A1E7A4F7556}") = "APIService", "APIService\APIService.csproj", "{5650FEEF-E2E6-468E-9D1F-596C0C5BAD42}"
EndProject
Project("{9A19103F-16F7-4668-BE54-9A1E7A4F7556}") = "Domain", "Domain\Domain.csproj", "{28128FC0-5B42-4A36-A9C8-BEFFC0DC6328}"
EndProject
Project("{9A19103F-16F7-4668-BE54-9A1E7A4F7556}") = "Application", "Application\Application.csproj", "{0CA70967-2552-42B0-AEBE-6CCB5338BAE9}"
EndProject
Project("{9A19103F-16F7-4668-BE54-9A1E7A4F7556}") = "Infrastructure", "Infrastructure\Infrastructure.csproj", "{B89F60D5-A783-4860-BA45-C6D1D3844822}"
EndProject
Global
	GlobalSection(SolutionConfigurationPlatforms) = preSolution
		Debug|Any CPU = Debug|Any CPU
		Release|Any CPU = Release|Any CPU
	EndGlobalSection
	GlobalSection(ProjectConfigurationPlatforms) = postSolution
		{5650FEEF-E2E6-468E-9D1F-596C0C5BAD42}.Debug|Any CPU.ActiveCfg = Debug|Any CPU
		{5650FEEF-E2E6-468E-9D1F-596C0C5BAD42}.Debug|Any CPU.Build.0 = Debug|Any CPU
		{5650FEEF-E2E6-468E-9D1F-596C0C5BAD42}.Release|Any CPU.ActiveCfg = Release|Any CPU
		{5650FEEF-E2E6-468E-9D1F-596C0C5BAD42}.Release|Any CPU.Build.0 = Release|Any CPU
		{28128FC0-5B42-4A36-A9C8-BEFFC0DC6328}.Debug|Any CPU.ActiveCfg = Debug|Any CPU
		{28128FC0-5B42-4A36-A9C8-BEFFC0DC6328}.Debug|Any CPU.Build.0 = Debug|Any CPU
		{28128FC0-5B42-4A36-A9C8-BEFFC0DC6328}.Release|Any CPU.ActiveCfg = Release|Any CPU
		{28128FC0-5B42-4A36-A9C8-BEFFC0DC6328}.Release|Any CPU.Build.0 = Release|Any CPU
		{0CA70967-2552-42B0-AEBE-6CCB5338BAE9}.Debug|Any CPU.ActiveCfg = Debug|Any CPU
		{0CA70967-2552-42B0-AEBE-6CCB5338BAE9}.Debug|Any CPU.Build.0 = Debug|Any CPU
		{0CA70967-2552-42B0-AEBE-6CCB5338BAE9}.Release|Any CPU.ActiveCfg = Release|Any CPU
		{0CA70967-2552-42B0-AEBE-6CCB5338BAE9}.Release|Any CPU.Build.0 = Release|Any CPU
		{B89F60D5-A783-4860-BA45-C6D1D3844822}.Debug|Any CPU.ActiveCfg = Debug|Any CPU
		{B89F60D5-A783-4860-BA45-C6D1D3844822}.Debug|Any CPU.Build.0 = Debug|Any CPU
		{B89F60D5-A783-4860-BA45-C6D1D3844822}.Release|Any CPU.ActiveCfg = Release|Any CPU
		{B89F60D5-A783-4860-BA45-C6D1D3844822}.Release|Any CPU.Build.0 = Release|Any CPU
	EndGlobalSection
	GlobalSection(SolutionProperties) = preSolution
		HideSolutionNode = FALSE
	EndGlobalSection
	GlobalSection(ExtensibilityGlobals) = postSolution
		SolutionGuid = {1A375623-0D9A-4B30-97E9-F15EF6E016D9}
	EndGlobalSection
EndGlobal
